
Microsoft Visual Studio Solution File, Format Version 12.00
# Visual Studio Version 17
VisualStudioVersion = 17.5.002.0
MinimumVisualStudioVersion = 10.0.40219.1
Project("{9A19103F-16F7-4668-BE54-9A1E7A4F7556}") = "SignUpInOut-Backend-AspNetCore", "SignUpInOut-Backend-AspNetCore.csproj", "{7869F780-6A2A-4332-A7E8-337877B8DD06}"
EndProject
Global
	GlobalSection(SolutionConfigurationPlatforms) = preSolution
		Debug|Any CPU = Debug|Any CPU
		Release|Any CPU = Release|Any CPU
	EndGlobalSection
	GlobalSection(ProjectConfigurationPlatforms) = postSolution
		{7869F780-6A2A-4332-A7E8-337877B8DD06}.Debug|Any CPU.ActiveCfg = Debug|Any CPU
		{7869F780-6A2A-4332-A7E8-337877B8DD06}.Debug|Any CPU.Build.0 = Debug|Any CPU
		{7869F780-6A2A-4332-A7E8-337877B8DD06}.Release|Any CPU.ActiveCfg = Release|Any CPU
		{7869F780-6A2A-4332-A7E8-337877B8DD06}.Release|Any CPU.Build.0 = Release|Any CPU
	EndGlobalSection
	GlobalSection(SolutionProperties) = preSolution
		HideSolutionNode = FALSE
	EndGlobalSection
	GlobalSection(ExtensibilityGlobals) = postSolution
		SolutionGuid = {878EF364-2B47-4E8C-9009-97AED4D5FFC9}
	EndGlobalSection
EndGlobal
